
Microsoft Visual Studio Solution File, Format Version 12.00
# Visual Studio Version 17
VisualStudioVersion = 17.9.34714.143
MinimumVisualStudioVersion = 10.0.40219.1
Project("{FAE04EC0-301F-11D3-BF4B-00C04F79EFBC}") = "clase_3_23_agosto_repository", "clase_3_23_agosto_repository.csproj", "{BC1C82FC-FD46-415A-8FAD-A937ABAF041D}"
EndProject
Global
	GlobalSection(SolutionConfigurationPlatforms) = preSolution
		Debug|Any CPU = Debug|Any CPU
		Release|Any CPU = Release|Any CPU
	EndGlobalSection
	GlobalSection(ProjectConfigurationPlatforms) = postSolution
		{BC1C82FC-FD46-415A-8FAD-A937ABAF041D}.Debug|Any CPU.ActiveCfg = Debug|Any CPU
		{BC1C82FC-FD46-415A-8FAD-A937ABAF041D}.Debug|Any CPU.Build.0 = Debug|Any CPU
		{BC1C82FC-FD46-415A-8FAD-A937ABAF041D}.Release|Any CPU.ActiveCfg = Release|Any CPU
		{BC1C82FC-FD46-415A-8FAD-A937ABAF041D}.Release|Any CPU.Build.0 = Release|Any CPU
	EndGlobalSection
	GlobalSection(SolutionProperties) = preSolution
		HideSolutionNode = FALSE
	EndGlobalSection
	GlobalSection(ExtensibilityGlobals) = postSolution
		SolutionGuid = {D21E2334-5AFB-4C70-8EA4-902E134A43F9}
	EndGlobalSection
EndGlobal
