
Microsoft Visual Studio Solution File, Format Version 12.00
# Visual Studio Version 17
VisualStudioVersion = 17.9.34714.143
MinimumVisualStudioVersion = 10.0.40219.1
Project("{FAE04EC0-301F-11D3-BF4B-00C04F79EFBC}") = "WebApiRest", "WebApiRest.csproj", "{53F92E58-9AA4-4F95-B17C-EE2BF57B450E}"
EndProject
Global
	GlobalSection(SolutionConfigurationPlatforms) = preSolution
		Debug|Any CPU = Debug|Any CPU
		Release|Any CPU = Release|Any CPU
	EndGlobalSection
	GlobalSection(ProjectConfigurationPlatforms) = postSolution
		{53F92E58-9AA4-4F95-B17C-EE2BF57B450E}.Debug|Any CPU.ActiveCfg = Debug|Any CPU
		{53F92E58-9AA4-4F95-B17C-EE2BF57B450E}.Debug|Any CPU.Build.0 = Debug|Any CPU
		{53F92E58-9AA4-4F95-B17C-EE2BF57B450E}.Release|Any CPU.ActiveCfg = Release|Any CPU
		{53F92E58-9AA4-4F95-B17C-EE2BF57B450E}.Release|Any CPU.Build.0 = Release|Any CPU
	EndGlobalSection
	GlobalSection(SolutionProperties) = preSolution
		HideSolutionNode = FALSE
	EndGlobalSection
	GlobalSection(ExtensibilityGlobals) = postSolution
		SolutionGuid = {F381371E-43BC-4364-B343-51E2FCB8D206}
	EndGlobalSection
EndGlobal
